
Microsoft Visual Studio Solution File, Format Version 12.00
# Visual Studio Version 17
VisualStudioVersion = 17.5.002.0
MinimumVisualStudioVersion = 10.0.40219.1
Project("{2150E333-8FDC-42A3-9474-1A3956D46DE8}") = "backend", "backend", "{28B7CE26-5D11-4377-AF37-C59A3804BD36}"
EndProject
Project("{9A19103F-16F7-4668-BE54-9A1E7A4F7556}") = "IntelliFitAPI", "backend\IntelliFitAPI\IntelliFitAPI.csproj", "{DE4C1B5B-A41C-4E0E-8E99-5AA95CF2D602}"
EndProject
Global
	GlobalSection(SolutionConfigurationPlatforms) = preSolution
		Debug|Any CPU = Debug|Any CPU
		Release|Any CPU = Release|Any CPU
	EndGlobalSection
	GlobalSection(ProjectConfigurationPlatforms) = postSolution
		{DE4C1B5B-A41C-4E0E-8E99-5AA95CF2D602}.Debug|Any CPU.ActiveCfg = Debug|Any CPU
		{DE4C1B5B-A41C-4E0E-8E99-5AA95CF2D602}.Debug|Any CPU.Build.0 = Debug|Any CPU
		{DE4C1B5B-A41C-4E0E-8E99-5AA95CF2D602}.Release|Any CPU.ActiveCfg = Release|Any CPU
		{DE4C1B5B-A41C-4E0E-8E99-5AA95CF2D602}.Release|Any CPU.Build.0 = Release|Any CPU
	EndGlobalSection
	GlobalSection(SolutionProperties) = preSolution
		HideSolutionNode = FALSE
	EndGlobalSection
	GlobalSection(NestedProjects) = preSolution
		{DE4C1B5B-A41C-4E0E-8E99-5AA95CF2D602} = {28B7CE26-5D11-4377-AF37-C59A3804BD36}
	EndGlobalSection
	GlobalSection(ExtensibilityGlobals) = postSolution
		SolutionGuid = {908F7FA4-2B23-4550-AEC5-EF43AE756DA2}
	EndGlobalSection
EndGlobal
